
Microsoft Visual Studio Solution File, Format Version 12.00
# Visual Studio 15
VisualStudioVersion = 15.0.26430.16
MinimumVisualStudioVersion = 10.0.40219.1
Project("{FAE04EC0-301F-11D3-BF4B-00C04F79EFBC}") = "Gestion 2017", "Gestion 2017\Gestion 2017.csproj", "{ADEE0EEE-2BD2-4754-B598-6844EC535A88}"
EndProject
Global
	GlobalSection(SolutionConfigurationPlatforms) = preSolution
		Debug|Any CPU = Debug|Any CPU
		Release|Any CPU = Release|Any CPU
	EndGlobalSection
	GlobalSection(ProjectConfigurationPlatforms) = postSolution
		{ADEE0EEE-2BD2-4754-B598-6844EC535A88}.Debug|Any CPU.ActiveCfg = Debug|Any CPU
		{ADEE0EEE-2BD2-4754-B598-6844EC535A88}.Debug|Any CPU.Build.0 = Debug|Any CPU
		{ADEE0EEE-2BD2-4754-B598-6844EC535A88}.Release|Any CPU.ActiveCfg = Release|Any CPU
		{ADEE0EEE-2BD2-4754-B598-6844EC535A88}.Release|Any CPU.Build.0 = Release|Any CPU
	EndGlobalSection
	GlobalSection(SolutionProperties) = preSolution
		HideSolutionNode = FALSE
	EndGlobalSection
EndGlobal
